
Microsoft Visual Studio Solution File, Format Version 12.00
# Visual Studio 15
VisualStudioVersion = 15.0.28010.2036
MinimumVisualStudioVersion = 10.0.40219.1
Project("{9A19103F-16F7-4668-BE54-9A1E7A4F7556}") = "BRASS", "BRASS\BRASS.csproj", "{3A6E32AF-B566-4ECB-9037-6298E34E07F7}"
EndProject
Global
	GlobalSection(SolutionConfigurationPlatforms) = preSolution
		Debug|Any CPU = Debug|Any CPU
		Release|Any CPU = Release|Any CPU
	EndGlobalSection
	GlobalSection(ProjectConfigurationPlatforms) = postSolution
		{3A6E32AF-B566-4ECB-9037-6298E34E07F7}.Debug|Any CPU.ActiveCfg = Debug|Any CPU
		{3A6E32AF-B566-4ECB-9037-6298E34E07F7}.Debug|Any CPU.Build.0 = Debug|Any CPU
		{3A6E32AF-B566-4ECB-9037-6298E34E07F7}.Release|Any CPU.ActiveCfg = Release|Any CPU
		{3A6E32AF-B566-4ECB-9037-6298E34E07F7}.Release|Any CPU.Build.0 = Release|Any CPU
	EndGlobalSection
	GlobalSection(SolutionProperties) = preSolution
		HideSolutionNode = FALSE
	EndGlobalSection
	GlobalSection(ExtensibilityGlobals) = postSolution
		SolutionGuid = {7EBDB344-A7CD-4002-815F-2E69CBE13536}
	EndGlobalSection
EndGlobal
